
Microsoft Visual Studio Solution File, Format Version 12.00
Project("{FAE04EC0-301F-11D3-BF4B-00C04F79EFBC}") = "Hospital", "Hospital\Hospital.csproj", "{03535AE6-16BC-44FA-80C6-C6E3A9C1D1B6}"
EndProject
Project("{FAE04EC0-301F-11D3-BF4B-00C04F79EFBC}") = "Hospital.Test", "Hospital.Test\Hospital.Test.csproj", "{BF946D7C-DC98-4E16-85E6-C2601DF06034}"
EndProject
Global
	GlobalSection(SolutionConfigurationPlatforms) = preSolution
		Debug|Any CPU = Debug|Any CPU
		Release|Any CPU = Release|Any CPU
	EndGlobalSection
	GlobalSection(ProjectConfigurationPlatforms) = postSolution
		{03535AE6-16BC-44FA-80C6-C6E3A9C1D1B6}.Debug|Any CPU.ActiveCfg = Debug|Any CPU
		{03535AE6-16BC-44FA-80C6-C6E3A9C1D1B6}.Debug|Any CPU.Build.0 = Debug|Any CPU
		{03535AE6-16BC-44FA-80C6-C6E3A9C1D1B6}.Release|Any CPU.ActiveCfg = Release|Any CPU
		{03535AE6-16BC-44FA-80C6-C6E3A9C1D1B6}.Release|Any CPU.Build.0 = Release|Any CPU
		{BF946D7C-DC98-4E16-85E6-C2601DF06034}.Debug|Any CPU.ActiveCfg = Debug|Any CPU
		{BF946D7C-DC98-4E16-85E6-C2601DF06034}.Debug|Any CPU.Build.0 = Debug|Any CPU
		{BF946D7C-DC98-4E16-85E6-C2601DF06034}.Release|Any CPU.ActiveCfg = Release|Any CPU
		{BF946D7C-DC98-4E16-85E6-C2601DF06034}.Release|Any CPU.Build.0 = Release|Any CPU
	EndGlobalSection
EndGlobal
